
Microsoft Visual Studio Solution File, Format Version 12.00
# Visual Studio Version 16
VisualStudioVersion = 16.0.809.0
MinimumVisualStudioVersion = 10.0.40219.1
Project("{FAE04EC0-301F-11D3-BF4B-00C04F79EFBC}") = "specflowselenium", "specflowselenium\specflowselenium.csproj", "{4A33B512-FF13-40F6-9291-C3A0E3D9F33C}"
EndProject
Global
	GlobalSection(SolutionConfigurationPlatforms) = preSolution
		Debug|Any CPU = Debug|Any CPU
		Release|Any CPU = Release|Any CPU
	EndGlobalSection
	GlobalSection(ProjectConfigurationPlatforms) = postSolution
		{4A33B512-FF13-40F6-9291-C3A0E3D9F33C}.Debug|Any CPU.ActiveCfg = Debug|Any CPU
		{4A33B512-FF13-40F6-9291-C3A0E3D9F33C}.Debug|Any CPU.Build.0 = Debug|Any CPU
		{4A33B512-FF13-40F6-9291-C3A0E3D9F33C}.Release|Any CPU.ActiveCfg = Release|Any CPU
		{4A33B512-FF13-40F6-9291-C3A0E3D9F33C}.Release|Any CPU.Build.0 = Release|Any CPU
	EndGlobalSection
	GlobalSection(SolutionProperties) = preSolution
		HideSolutionNode = FALSE
	EndGlobalSection
	GlobalSection(ExtensibilityGlobals) = postSolution
		SolutionGuid = {D3653D08-63C9-45A7-999E-CAB90936A241}
	EndGlobalSection
EndGlobal
